// !$*UTF8*$!
{
	archiveVersion = 1;
	classes = {
	};
	objectVersion = 50;
	objects = {

/* Begin PBXBuildFile section */
		A92686CE23FDA15B0090532C /* AppDelegate.swift in Sources */ = {isa = PBXBuildFile; fileRef = A92686CD23FDA15B0090532C /* AppDelegate.swift */; };
		A92686D023FDA15B0090532C /* SceneDelegate.swift in Sources */ = {isa = PBXBuildFile; fileRef = A92686CF23FDA15B0090532C /* SceneDelegate.swift */; };
		A92686D223FDA15B0090532C /* ViewController.swift in Sources */ = {isa = PBXBuildFile; fileRef = A92686D123FDA15B0090532C /* ViewController.swift */; };
		A92686D523FDA15B0090532C /* Main.storyboard in Resources */ = {isa = PBXBuildFile; fileRef = A92686D323FDA15B0090532C /* Main.storyboard */; };
		A92686D723FDA15C0090532C /* Assets.xcassets in Resources */ = {isa = PBXBuildFile; fileRef = A92686D623FDA15C0090532C /* Assets.xcassets */; };
		A92686DA23FDA15C0090532C /* LaunchScreen.storyboard in Resources */ = {isa = PBXBuildFile; fileRef = A92686D823FDA15C0090532C /* LaunchScreen.storyboard */; };
/* End PBXBuildFile section */

/* Begin PBXFileReference section */
		A92686CA23FDA15B0090532C /* HW 2.7.app */ = {isa = PBXFileReference; explicitFileType = wrapper.application; includeInIndex = 0; path = "HW 2.7.app"; sourceTree = BUILT_PRODUCTS_DIR; };
		A92686CD23FDA15B0090532C /* AppDelegate.swift */ = {isa = PBXFileReference; lastKnownFileType = sourcecode.swift; path = AppDelegate.swift; sourceTree = "<group>"; };
		A92686CF23FDA15B0090532C /* SceneDelegate.swift */ = {isa = PBXFileReference; lastKnownFileType = sourcecode.swift; path = SceneDelegate.swift; sourceTree = "<group>"; };
		A92686D123FDA15B0090532C /* ViewController.swift */ = {isa = PBXFileReference; lastKnownFileType = sourcecode.swift; path = ViewController.swift; sourceTree = "<group>"; };
		A92686D423FDA15B0090532C /* Base */ = {isa = PBXFileReference; lastKnownFileType = file.storyboard; name = Base; path = Base.lproj/Main.storyboard; sourceTree = "<group>"; };
		A92686D623FDA15C0090532C /* Assets.xcassets */ = {isa = PBXFileReference; lastKnownFileType = folder.assetcatalog; path = Assets.xcassets; sourceTree = "<group>"; };
		A92686D923FDA15C0090532C /* Base */ = {isa = PBXFileReference; lastKnownFileType = file.storyboard; name = Base; path = Base.lproj/LaunchScreen.storyboard; sourceTree = "<group>"; };
		A92686DB23FDA15C0090532C /* Info.plist */ = {isa = PBXFileReference; lastKnownFileType = text.plist.xml; path = Info.plist; sourceTree = "<group>"; };
/* End PBXFileReference section */

/* Begin PBXFrameworksBuildPhase section */
		A92686C723FDA15B0090532C /* Frameworks */ = {
			isa = PBXFrameworksBuildPhase;
			buildActionMask = 2147483647;
			files = (
			);
			runOnlyForDeploymentPostprocessing = 0;
		};
/* End PBXFrameworksBuildPhase section */

/* Begin PBXGroup section */
		A92686C123FDA15B0090532C = {
			isa = PBXGroup;
			children = (
				A92686CC23FDA15B0090532C /* HW 2.7 */,
				A92686CB23FDA15B0090532C /* Products */,
			);
			sourceTree = "<group>";
		};
		A92686CB23FDA15B0090532C /* Products */ = {
			isa = PBXGroup;
			children = (
				A92686CA23FDA15B0090532C /* HW 2.7.app */,
			);
			name = Products;
			sourceTree = "<group>";
		};
		A92686CC23FDA15B0090532C /* HW 2.7 */ = {
			isa = PBXGroup;
			children = (
				A92686E523FDA35E0090532C /* Model */,
				A92686E123FDA2B90090532C /* ViewControllers */,
				A92686E323FDA3110090532C /* Storyboards */,
				A92686E223FDA2EF0090532C /* Supporting files */,
				A92686E423FDA31F0090532C /* Resources */,
			);
			path = "HW 2.7";
			sourceTree = "<group>";
		};
		A92686E123FDA2B90090532C /* ViewControllers */ = {
			isa = PBXGroup;
			children = (
				A92686D123FDA15B0090532C /* ViewController.swift */,
			);
			path = ViewControllers;
			sourceTree = "<group>";
		};
		A92686E223FDA2EF0090532C /* Supporting files */ = {
			isa = PBXGroup;
			children = (
				A92686CD23FDA15B0090532C /* AppDelegate.swift */,
				A92686CF23FDA15B0090532C /* SceneDelegate.swift */,
				A92686DB23FDA15C0090532C /* Info.plist */,
			);
			path = "Supporting files";
			sourceTree = "<group>";
		};
		A92686E323FDA3110090532C /* Storyboards */ = {
			isa = PBXGroup;
			children = (
				A92686D823FDA15C0090532C /* LaunchScreen.storyboard */,
				A92686D323FDA15B0090532C /* Main.storyboard */,
			);
			path = "\U0010Storyboards";
			sourceTree = "<group>";
		};
		A92686E423FDA31F0090532C /* Resources */ = {
			isa = PBXGroup;
			children = (
				A92686D623FDA15C0090532C /* Assets.xcassets */,
			);
			path = Resources;
			sourceTree = "<group>";
		};
		A92686E523FDA35E0090532C /* Model */ = {
			isa = PBXGroup;
			children = (
			);
			path = Model;
			sourceTree = "<group>";
		};
/* End PBXGroup section */

/* Begin PBXNativeTarget section */
		A92686C923FDA15B0090532C /* HW 2.7 */ = {
			isa = PBXNativeTarget;
			buildConfigurationList = A92686DE23FDA15C0090532C /* Build configuration list for PBXNativeTarget "HW 2.7" */;
			buildPhases = (
				A92686C623FDA15B0090532C /* Sources */,
				A92686C723FDA15B0090532C /* Frameworks */,
				A92686C823FDA15B0090532C /* Resources */,
			);
			buildRules = (
			);
			dependencies = (
			);
			name = "HW 2.7";
			productName = "HW 2.7";
			productReference = A92686CA23FDA15B0090532C /* HW 2.7.app */;
			productType = "com.apple.product-type.application";
		};
/* End PBXNativeTarget section */

/* Begin PBXProject section */
		A92686C223FDA15B0090532C /* Project object */ = {
			isa = PBXProject;
			attributes = {
				LastSwiftUpdateCheck = 1130;
				LastUpgradeCheck = 1130;
				ORGANIZATIONNAME = "Ермоленко Константин";
				TargetAttributes = {
					A92686C923FDA15B0090532C = {
						CreatedOnToolsVersion = 11.3.1;
					};
				};
			};
			buildConfigurationList = A92686C523FDA15B0090532C /* Build configuration list for PBXProject "HW 2.7" */;
			compatibilityVersion = "Xcode 9.3";
			developmentRegion = en;
			hasScannedForEncodings = 0;
			knownRegions = (
				en,
				Base,
			);
			mainGroup = A92686C123FDA15B0090532C;
			productRefGroup = A92686CB23FDA15B0090532C /* Products */;
			projectDirPath = "";
			projectRoot = "";
			targets = (
				A92686C923FDA15B0090532C /* HW 2.7 */,
			);
		};
/* End PBXProject section */

/* Begin PBXResourcesBuildPhase section */
		A92686C823FDA15B0090532C /* Resources */ = {
			isa = PBXResourcesBuildPhase;
			buildActionMask = 2147483647;
			files = (
				A92686DA23FDA15C0090532C /* LaunchScreen.storyboard in Resources */,
				A92686D723FDA15C0090532C /* Assets.xcassets in Resources */,
				A92686D523FDA15B0090532C /* Main.storyboard in Resources */,
			);
			runOnlyForDeploymentPostprocessing = 0;
		};
/* End PBXResourcesBuildPhase section */

/* Begin PBXSourcesBuildPhase section */
		A92686C623FDA15B0090532C /* Sources */ = {
			isa = PBXSourcesBuildPhase;
			buildActionMask = 2147483647;
			files = (
				A92686D223FDA15B0090532C /* ViewController.swift in Sources */,
				A92686CE23FDA15B0090532C /* AppDelegate.swift in Sources */,
				A92686D023FDA15B0090532C /* SceneDelegate.swift in Sources */,
			);
			runOnlyForDeploymentPostprocessing = 0;
		};
/* End PBXSourcesBuildPhase section */

/* Begin PBXVariantGroup section */
		A92686D323FDA15B0090532C /* Main.storyboard */ = {
			isa = PBXVariantGroup;
			children = (
				A92686D423FDA15B0090532C /* Base */,
			);
			name = Main.storyboard;
			sourceTree = "<group>";
		};
		A92686D823FDA15C0090532C /* LaunchScreen.storyboard */ = {
			isa = PBXVariantGroup;
			children = (
				A92686D923FDA15C0090532C /* Base */,
			);
			name = LaunchScreen.storyboard;
			sourceTree = "<group>";
		};
/* End PBXVariantGroup section */

/* Begin XCBuildConfiguration section */
		A92686DC23FDA15C0090532C /* Debug */ = {
			isa = XCBuildConfiguration;
			buildSettings = {
				ALWAYS_SEARCH_USER_PATHS = NO;
				CLANG_ANALYZER_NONNULL = YES;
				CLANG_ANALYZER_NUMBER_OBJECT_CONVERSION = YES_AGGRESSIVE;
				CLANG_CXX_LANGUAGE_STANDARD = "gnu++14";
				CLANG_CXX_LIBRARY = "libc++";
				CLANG_ENABLE_MODULES = YES;
				CLANG_ENABLE_OBJC_ARC = YES;
				CLANG_ENABLE_OBJC_WEAK = YES;
				CLANG_WARN_BLOCK_CAPTURE_AUTORELEASING = YES;
				CLANG_WARN_BOOL_CONVERSION = YES;
				CLANG_WARN_COMMA = YES;
				CLANG_WARN_CONSTANT_CONVERSION = YES;
				CLANG_WARN_DEPRECATED_OBJC_IMPLEMENTATIONS = YES;
				CLANG_WARN_DIRECT_OBJC_ISA_USAGE = YES_ERROR;
				CLANG_WARN_DOCUMENTATION_COMMENTS = YES;
				CLANG_WARN_EMPTY_BODY = YES;
				CLANG_WARN_ENUM_CONVERSION = YES;
				CLANG_WARN_INFINITE_RECURSION = YES;
				CLANG_WARN_INT_CONVERSION = YES;
				CLANG_WARN_NON_LITERAL_NULL_CONVERSION = YES;
				CLANG_WARN_OBJC_IMPLICIT_RETAIN_SELF = YES;
				CLANG_WARN_OBJC_LITERAL_CONVERSION = YES;
				CLANG_WARN_OBJC_ROOT_CLASS = YES_ERROR;
				CLANG_WARN_RANGE_LOOP_ANALYSIS = YES;
				CLANG_WARN_STRICT_PROTOTYPES = YES;
				CLANG_WARN_SUSPICIOUS_MOVE = YES;
				CLANG_WARN_UNGUARDED_AVAILABILITY = YES_AGGRESSIVE;
				CLANG_WARN_UNREACHABLE_CODE = YES;
				CLANG_WARN__DUPLICATE_METHOD_MATCH = YES;
				COPY_PHASE_STRIP = NO;
				DEBUG_INFORMATION_FORMAT = dwarf;
				ENABLE_STRICT_OBJC_MSGSEND = YES;
				ENABLE_TESTABILITY = YES;
				GCC_C_LANGUAGE_STANDARD = gnu11;
				GCC_DYNAMIC_NO_PIC = NO;
				GCC_NO_COMMON_BLOCKS = YES;
				GCC_OPTIMIZATION_LEVEL = 0;
				GCC_PREPROCESSOR_DEFINITIONS = (
					"DEBUG=1",
					"$(inherited)",
				);
				GCC_WARN_64_TO_32_BIT_CONVERSION = YES;
				GCC_WARN_ABOUT_RETURN_TYPE = YES_ERROR;
				GCC_WARN_UNDECLARED_SELECTOR = YES;
				GCC_WARN_UNINITIALIZED_AUTOS = YES_AGGRESSIVE;
				GCC_WARN_UNUSED_FUNCTION = YES;
				GCC_WARN_UNUSED_VARIABLE = YES;
				IPHONEOS_DEPLOYMENT_TARGET = 13.2;
				MTL_ENABLE_DEBUG_INFO = INCLUDE_SOURCE;
				MTL_FAST_MATH = YES;
				ONLY_ACTIVE_ARCH = YES;
				SDKROOT = iphoneos;
				SWIFT_ACTIVE_COMPILATION_CONDITIONS = DEBUG;
				SWIFT_OPTIMIZATION_LEVEL = "-Onone";
			};
			name = Debug;
		};
		A92686DD23FDA15C0090532C /* Release */ = {
			isa = XCBuildConfiguration;
			buildSettings = {
				ALWAYS_SEARCH_USER_PATHS = NO;
				CLANG_ANALYZER_NONNULL = YES;
				CLANG_ANALYZER_NUMBER_OBJECT_CONVERSION = YES_AGGRESSIVE;
				CLANG_CXX_LANGUAGE_STANDARD = "gnu++14";
				CLANG_CXX_LIBRARY = "libc++";
				CLANG_ENABLE_MODULES = YES;
				CLANG_ENABLE_OBJC_ARC = YES;
				CLANG_ENABLE_OBJC_WEAK = YES;
				CLANG_WARN_BLOCK_CAPTURE_AUTORELEASING = YES;
				CLANG_WARN_BOOL_CONVERSION = YES;
				CLANG_WARN_COMMA = YES;
				CLANG_WARN_CONSTANT_CONVERSION = YES;
				CLANG_WARN_DEPRECATED_OBJC_IMPLEMENTATIONS = YES;
				CLANG_WARN_DIRECT_OBJC_ISA_USAGE = YES_ERROR;
				CLANG_WARN_DOCUMENTATION_COMMENTS = YES;
				CLANG_WARN_EMPTY_BODY = YES;
				CLANG_WARN_ENUM_CONVERSION = YES;
				CLANG_WARN_INFINITE_RECURSION = YES;
				CLANG_WARN_INT_CONVERSION = YES;
				CLANG_WARN_NON_LITERAL_NULL_CONVERSION = YES;
				CLANG_WARN_OBJC_IMPLICIT_RETAIN_SELF = YES;
				CLANG_WARN_OBJC_LITERAL_CONVERSION = YES;
				CLANG_WARN_OBJC_ROOT_CLASS = YES_ERROR;
				CLANG_WARN_RANGE_LOOP_ANALYSIS = YES;
				CLANG_WARN_STRICT_PROTOTYPES = YES;
				CLANG_WARN_SUSPICIOUS_MOVE = YES;
				CLANG_WARN_UNGUARDED_AVAILABILITY = YES_AGGRESSIVE;
				CLANG_WARN_UNREACHABLE_CODE = YES;
				CLANG_WARN__DUPLICATE_METHOD_MATCH = YES;
				COPY_PHASE_STRIP = NO;
				DEBUG_INFORMATION_FORMAT = "dwarf-with-dsym";
				ENABLE_NS_ASSERTIONS = NO;
				ENABLE_STRICT_OBJC_MSGSEND = YES;
				GCC_C_LANGUAGE_STANDARD = gnu11;
				GCC_NO_COMMON_BLOCKS = YES;
				GCC_WARN_64_TO_32_BIT_CONVERSION = YES;
				GCC_WARN_ABOUT_RETURN_TYPE = YES_ERROR;
				GCC_WARN_UNDECLARED_SELECTOR = YES;
				GCC_WARN_UNINITIALIZED_AUTOS = YES_AGGRESSIVE;
				GCC_WARN_UNUSED_FUNCTION = YES;
				GCC_WARN_UNUSED_VARIABLE = YES;
				IPHONEOS_DEPLOYMENT_TARGET = 13.2;
				MTL_ENABLE_DEBUG_INFO = NO;
				MTL_FAST_MATH = YES;
				SDKROOT = iphoneos;
				SWIFT_COMPILATION_MODE = wholemodule;
				SWIFT_OPTIMIZATION_LEVEL = "-O";
				VALIDATE_PRODUCT = YES;
			};
			name = Release;
		};
		A92686DF23FDA15C0090532C /* Debug */ = {
			isa = XCBuildConfiguration;
			buildSettings = {
				ASSETCATALOG_COMPILER_APPICON_NAME = AppIcon;
				CODE_SIGN_STYLE = Automatic;
				DEVELOPMENT_TEAM = 59M6A9TM7B;
				INFOPLIST_FILE = "HW 2.7/Supporting files/Info.plist";
				LD_RUNPATH_SEARCH_PATHS = (
					"$(inherited)",
					"@executable_path/Frameworks",
				);
				PRODUCT_BUNDLE_IDENTIFIER = "ru.ermolenko.HW-2-7";
				PRODUCT_NAME = "$(TARGET_NAME)";
				SWIFT_VERSION = 5.0;
				TARGETED_DEVICE_FAMILY = "1,2";
			};
			name = Debug;
		};
		A92686E023FDA15C0090532C /* Release */ = {
			isa = XCBuildConfiguration;
			buildSettings = {
				ASSETCATALOG_COMPILER_APPICON_NAME = AppIcon;
				CODE_SIGN_STYLE = Automatic;
				DEVELOPMENT_TEAM = 59M6A9TM7B;
				INFOPLIST_FILE = "HW 2.7/Supporting files/Info.plist";
				LD_RUNPATH_SEARCH_PATHS = (
					"$(inherited)",
					"@executable_path/Frameworks",
				);
				PRODUCT_BUNDLE_IDENTIFIER = "ru.ermolenko.HW-2-7";
				PRODUCT_NAME = "$(TARGET_NAME)";
				SWIFT_VERSION = 5.0;
				TARGETED_DEVICE_FAMILY = "1,2";
			};
			name = Release;
		};
/* End XCBuildConfiguration section */

/* Begin XCConfigurationList section */
		A92686C523FDA15B0090532C /* Build configuration list for PBXProject "HW 2.7" */ = {
			isa = XCConfigurationList;
			buildConfigurations = (
				A92686DC23FDA15C0090532C /* Debug */,
				A92686DD23FDA15C0090532C /* Release */,
			);
			defaultConfigurationIsVisible = 0;
			defaultConfigurationName = Release;
		};
		A92686DE23FDA15C0090532C /* Build configuration list for PBXNativeTarget "HW 2.7" */ = {
			isa = XCConfigurationList;
			buildConfigurations = (
				A92686DF23FDA15C0090532C /* Debug */,
				A92686E023FDA15C0090532C /* Release */,
			);
			defaultConfigurationIsVisible = 0;
			defaultConfigurationName = Release;
		};
/* End XCConfigurationList section */
	};
	rootObject = A92686C223FDA15B0090532C /* Project object */;
}
